
Microsoft Visual Studio Solution File, Format Version 12.00
# Visual Studio Version 16
VisualStudioVersion = 16.0.32901.82
MinimumVisualStudioVersion = 10.0.40219.1
Project("{9A19103F-16F7-4668-BE54-9A1E7A4F7556}") = "220922-HelloWorld", "220922-HelloWorld\220922-HelloWorld.csproj", "{4077557C-FD2F-4443-AFED-DC08C401999F}"
EndProject
Project("{9A19103F-16F7-4668-BE54-9A1E7A4F7556}") = "220915-SimpleIO", "220915-SimpleIO\220915-SimpleIO.csproj", "{067CCA1D-C3A3-42BD-ACA6-13E0F8D9DC6F}"
EndProject
Project("{9A19103F-16F7-4668-BE54-9A1E7A4F7556}") = "221002-Zutrittskontrolle", "221002-Zutrittskontrolle\221002-Zutrittskontrolle.csproj", "{2F4B4202-1980-4E80-AEA4-77DBBACF3AAC}"
EndProject
Project("{9A19103F-16F7-4668-BE54-9A1E7A4F7556}") = "220922-Quader", "220922-Quader\220922-Quader.csproj", "{4D900054-4760-46B1-8E23-839A79C8440B}"
EndProject
Project("{9A19103F-16F7-4668-BE54-9A1E7A4F7556}") = "220922-Verbrauch", "220922-Verbrauch\220922-Verbrauch.csproj", "{08EB3DCC-2FBE-4D9D-921B-53A3AA2A0AAD}"
EndProject
Project("{9A19103F-16F7-4668-BE54-9A1E7A4F7556}") = "220922-ZahlenSumme", "220922-ZahlenSumme\220922-ZahlenSumme.csproj", "{180266AD-1287-4AFB-BA58-101B627272F6}"
EndProject
Project("{9A19103F-16F7-4668-BE54-9A1E7A4F7556}") = "220922-KreisPunkt", "220922-KreisPunkt\220922-KreisPunkt.csproj", "{44227D06-6779-42E3-BF88-806457613007}"
EndProject
Project("{9A19103F-16F7-4668-BE54-9A1E7A4F7556}") = "220922-Cylinder", "220922-Cylinder\220922-Cylinder.csproj", "{C9842AF8-BC2D-415E-8E08-D2290EBBD00D}"
EndProject
Project("{9A19103F-16F7-4668-BE54-9A1E7A4F7556}") = "220922-BMI", "220922-BMI\220922-BMI.csproj", "{2972A6F2-BC59-468E-AD3E-38658C115FB3}"
EndProject
Project("{9A19103F-16F7-4668-BE54-9A1E7A4F7556}") = "221006-OhmscheGesetz", "221006-OhmscheGesetz\221006-OhmscheGesetz.csproj", "{25DC5B67-A9E3-4AFE-A156-0E086F425831}"
EndProject
Project("{9A19103F-16F7-4668-BE54-9A1E7A4F7556}") = "221011-Ratespiel", "221011-Ratespiel\221011-Ratespiel.csproj", "{E80BD57A-6B28-4FE2-A506-5D1894C27D59}"
EndProject
Project("{FAE04EC0-301F-11D3-BF4B-00C04F79EFBC}") = "221013-HelloWpf", "221013-HelloWpf\221013-HelloWpf.csproj", "{CBCDA37D-2484-4E0F-95A9-F940441D1899}"
EndProject
Project("{FAE04EC0-301F-11D3-BF4B-00C04F79EFBC}") = "221020-WPFButton", "221020-WPFButton\221020-WPFButton.csproj", "{5091FF78-CD1F-4841-9482-7A32BC88A9FD}"
EndProject
Project("{FAE04EC0-301F-11D3-BF4B-00C04F79EFBC}") = "221020-Übung8", "221020-Übung8\221020-Übung8.csproj", "{4C6A3C13-7348-4AC5-B643-9C3200CAB4E3}"
EndProject
Project("{FAE04EC0-301F-11D3-BF4B-00C04F79EFBC}") = "221020-Übung9", "221020-Übung9\221020-Übung9.csproj", "{3A4780D0-1C27-4A10-96EE-C40F3BA6A274}"
EndProject
Project("{FAE04EC0-301F-11D3-BF4B-00C04F79EFBC}") = "221025-Ü8(Grid)", "221025-Ü8(Grid)\221025-Ü8(Grid).csproj", "{AA5B53D0-E74B-4947-8C74-C41F39B3312B}"
EndProject
Project("{FAE04EC0-301F-11D3-BF4B-00C04F79EFBC}") = "221102-Übung10", "221102-Übung10\221102-Übung10.csproj", "{657D4E10-BFE7-4E98-AE52-9F62681AF650}"
EndProject
Project("{FAE04EC0-301F-11D3-BF4B-00C04F79EFBC}") = "221103-Übung10(Grid)", "221103-Übung10(Grid)\221103-Übung10(Grid).csproj", "{859C9001-3BE5-46A6-90E0-792A28F6A2B8}"
EndProject
Project("{FAE04EC0-301F-11D3-BF4B-00C04F79EFBC}") = "221103-Übung9(grid)", "221103-Übung9(grid)\221103-Übung9(grid).csproj", "{1AFCB414-73F3-44FB-8C7E-B232EDF95C17}"
EndProject
Project("{FAE04EC0-301F-11D3-BF4B-00C04F79EFBC}") = "221103-Übung11", "221103-Übung11\221103-Übung11.csproj", "{E9E77C11-408D-45B4-86C4-F69C0ECA8794}"
EndProject
Project("{FAE04EC0-301F-11D3-BF4B-00C04F79EFBC}") = "221103-BmiWPF", "221103-BmiWPF\221103-BmiWPF.csproj", "{19306802-2D37-4719-8C9A-138962213169}"
EndProject
Project("{FAE04EC0-301F-11D3-BF4B-00C04F79EFBC}") = "221107-Übung11(StackPanel)", "221107-Übung11(StackPanel)\221107-Übung11(StackPanel).csproj", "{EB22F7D5-8D17-469D-9582-C34D95DF6F0B}"
EndProject
Project("{FAE04EC0-301F-11D3-BF4B-00C04F79EFBC}") = "221107-Übung12.1", "221107-Übung12.1\221107-Übung12.1.csproj", "{5BF0D70E-1475-47DA-B878-230FDAF31812}"
EndProject
Project("{FAE04EC0-301F-11D3-BF4B-00C04F79EFBC}") = "221110-Übung12.2", "221110-Übung12.2\221110-Übung12.2.csproj", "{750C5D36-9EA0-4F24-8F0C-B13E85E677C4}"
EndProject
Project("{FAE04EC0-301F-11D3-BF4B-00C04F79EFBC}") = "221116-Übung12.3", "161122-Übung12.3\221116-Übung12.3.csproj", "{C1B15B5F-71A2-410E-B706-44519555397F}"
EndProject
Project("{FAE04EC0-301F-11D3-BF4B-00C04F79EFBC}") = "221116-Übung12.4", "221116-Übung12.4\221116-Übung12.4.csproj", "{5A455A01-3CB6-4033-B100-57B20CC2060F}"
EndProject
Project("{FAE04EC0-301F-11D3-BF4B-00C04F79EFBC}") = "221124-Übung13-Ratespiel", "221124-Übung13-Ratespiel\221124-Übung13-Ratespiel.csproj", "{E1AC56D2-04D3-4C6A-99C2-C2FAEADE8F72}"
EndProject
Project("{FAE04EC0-301F-11D3-BF4B-00C04F79EFBC}") = "221205-Übung-14-Gleichung", "Übung-14-quadratischeGleichung\221205-Übung-14-Gleichung.csproj", "{C82CE419-AD0E-42F8-BF28-3953CAD2EC3A}"
EndProject
Project("{FAE04EC0-301F-11D3-BF4B-00C04F79EFBC}") = "221212-Übung15a-Zahlenfeld", "221212-Übung15a-Zahlenfeld\221212-Übung15a-Zahlenfeld.csproj", "{FCEC323D-2A3B-4B4D-83EB-61FDE42B35BC}"
EndProject
Project("{FAE04EC0-301F-11D3-BF4B-00C04F79EFBC}") = "221222-Übung15b", "221222-Übung15b\221222-Übung15b.csproj", "{20AEDE35-495B-4BDA-A153-AC1EE7637698}"
EndProject
Project("{FAE04EC0-301F-11D3-BF4B-00C04F79EFBC}") = "230109-Übung15c", "Übung15c\230109-Übung15c.csproj", "{1DF99FCD-982C-44C5-BB04-25588F56B16F}"
EndProject
Project("{FAE04EC0-301F-11D3-BF4B-00C04F79EFBC}") = "230116-Übung15d", "230116-Übung15d\230116-Übung15d.csproj", "{4F56F36B-F77E-4B2A-80F7-1369F5E582C4}"
EndProject
Project("{FAE04EC0-301F-11D3-BF4B-00C04F79EFBC}") = "230119-Übung16a-Rechteck", "230119-Übung16\230119-Übung16a-Rechteck.csproj", "{7A4BF800-E5A7-40F3-9B51-D09B589EB053}"
EndProject
Project("{FAE04EC0-301F-11D3-BF4B-00C04F79EFBC}") = "230126-Übung16b", "230126-Übung16b\230126-Übung16b.csproj", "{705089DB-5363-4C53-83A1-1141471F74C0}"
EndProject
Project("{FAE04EC0-301F-11D3-BF4B-00C04F79EFBC}") = "230130-Übung16c", "230130-Übung16c\230130-Übung16c.csproj", "{33F75A16-5105-4A50-B552-759B1EF70373}"
EndProject
Project("{FAE04EC0-301F-11D3-BF4B-00C04F79EFBC}") = "230202-Übung20", "230202-Übung17\230202-Übung20.csproj", "{26F90400-6B30-4BCB-9A47-3320FF5F4183}"
EndProject
Project("{FAE04EC0-301F-11D3-BF4B-00C04F79EFBC}") = "230202-Übung21", "230202-Übung21\230202-Übung21.csproj", "{D2455A02-42F3-44D6-A791-B4F5401E5653}"
EndProject
Project("{FAE04EC0-301F-11D3-BF4B-00C04F79EFBC}") = "230207-Übung22a-Computer", "220207-Übung22a\230207-Übung22a-Computer.csproj", "{C8631BAE-C1F0-4D0B-804A-E9D949EE3274}"
EndProject
Project("{FAE04EC0-301F-11D3-BF4B-00C04F79EFBC}") = "230214-ADT-Übung1", "230214-ADT-Übung1\230214-ADT-Übung1.csproj", "{A4E7F3DD-731B-4B76-B416-B47536ECBAA1}"
EndProject
Project("{FAE04EC0-301F-11D3-BF4B-00C04F79EFBC}") = "230207-Übung22b-Computer", "230207-Übung22b-Computer\230207-Übung22b-Computer.csproj", "{590E71E3-41D3-4C9A-82B3-8C798EE9DAFF}"
EndProject
Project("{FAE04EC0-301F-11D3-BF4B-00C04F79EFBC}") = "230302-ADT-Übung2", "230302\230302-ADT-Übung2.csproj", "{18C947BD-935B-48A6-83EC-D791382865D3}"
EndProject
Project("{9A19103F-16F7-4668-BE54-9A1E7A4F7556}") = "11-classesTutorial-10-03-2023", "1-classesTutorial-10-03-2023\11-classesTutorial-10-03-2023.csproj", "{A3F0EBEE-5666-41CA-B927-A0BE71EBC13E}"
EndProject
Project("{FAE04EC0-301F-11D3-BF4B-00C04F79EFBC}") = "230316-ADT-5", "230316-ADT-5\230316-ADT-5.csproj", "{BE7037FB-8D31-4A2A-AC2F-C89AE1AB17F8}"
EndProject
Project("{9A19103F-16F7-4668-BE54-9A1E7A4F7556}") = "230330-TextFiles", "230330-TextFiles\230330-TextFiles.csproj", "{7FE03912-3D29-498C-9F6B-8023BB34F112}"
EndProject
Project("{FAE04EC0-301F-11D3-BF4B-00C04F79EFBC}") = "230330-ADT-Übung8abc", "230330-ADT-Übung8a\230330-ADT-Übung8abc.csproj", "{B4F955AD-C444-41CF-8341-833317294CF5}"
EndProject
Project("{9A19103F-16F7-4668-BE54-9A1E7A4F7556}") = "230413-Übung24", "230413-Ü24\230413-Übung24.csproj", "{8684A629-A32C-4C95-BB2B-27847773CB3E}"
EndProject
Project("{9A19103F-16F7-4668-BE54-9A1E7A4F7556}") = "230418-Übung24_2", "230418-Ü24_2\230418-Übung24_2.csproj", "{1CCD61F1-315A-45F5-B10C-A3A1A38CA4D1}"
EndProject
Project("{FAE04EC0-301F-11D3-BF4B-00C04F79EFBC}") = "PointsListSchueler", "PointListSchüler\PointListSchüler\PointsListSchueler.csproj", "{5E9B1ED8-D912-4D86-A338-B993EA940FE5}"
EndProject
Project("{9A19103F-16F7-4668-BE54-9A1E7A4F7556}") = "21-fileReadWriteTraining", "2-fileReadWriteTraining\21-fileReadWriteTraining.csproj", "{F850CA9A-F7A5-4865-81C5-E9CD7F1DDEBA}"
EndProject
Project("{9A19103F-16F7-4668-BE54-9A1E7A4F7556}") = "13-Test3", "13-Test3\13-Test3.csproj", "{A85DDF7A-A603-4743-AEB3-8825B4223173}"
EndProject
Project("{9A19103F-16F7-4668-BE54-9A1E7A4F7556}") = "230513-Übung26a_Fortbewegungsmittel", "230513-Übung-26a_Fortbewegungsmittel\230513-Übung26a_Fortbewegungsmittel.csproj", "{BDE73F73-7B24-4477-BE32-DC0C9CC730D6}"
EndProject
Project("{FAE04EC0-301F-11D3-BF4B-00C04F79EFBC}") = "230530-Übung-26b", "230530-Übung-26b\230530-Übung-26b.csproj", "{80EC7087-E17C-4AF5-A1C8-988E345814E0}"
EndProject
Global
	GlobalSection(SolutionConfigurationPlatforms) = preSolution
		Debug|Any CPU = Debug|Any CPU
		Release|Any CPU = Release|Any CPU
	EndGlobalSection
	GlobalSection(ProjectConfigurationPlatforms) = postSolution
		{4077557C-FD2F-4443-AFED-DC08C401999F}.Debug|Any CPU.ActiveCfg = Debug|Any CPU
		{4077557C-FD2F-4443-AFED-DC08C401999F}.Debug|Any CPU.Build.0 = Debug|Any CPU
		{4077557C-FD2F-4443-AFED-DC08C401999F}.Release|Any CPU.ActiveCfg = Release|Any CPU
		{4077557C-FD2F-4443-AFED-DC08C401999F}.Release|Any CPU.Build.0 = Release|Any CPU
		{067CCA1D-C3A3-42BD-ACA6-13E0F8D9DC6F}.Debug|Any CPU.ActiveCfg = Debug|Any CPU
		{067CCA1D-C3A3-42BD-ACA6-13E0F8D9DC6F}.Debug|Any CPU.Build.0 = Debug|Any CPU
		{067CCA1D-C3A3-42BD-ACA6-13E0F8D9DC6F}.Release|Any CPU.ActiveCfg = Release|Any CPU
		{067CCA1D-C3A3-42BD-ACA6-13E0F8D9DC6F}.Release|Any CPU.Build.0 = Release|Any CPU
		{2F4B4202-1980-4E80-AEA4-77DBBACF3AAC}.Debug|Any CPU.ActiveCfg = Debug|Any CPU
		{2F4B4202-1980-4E80-AEA4-77DBBACF3AAC}.Debug|Any CPU.Build.0 = Debug|Any CPU
		{2F4B4202-1980-4E80-AEA4-77DBBACF3AAC}.Release|Any CPU.ActiveCfg = Release|Any CPU
		{2F4B4202-1980-4E80-AEA4-77DBBACF3AAC}.Release|Any CPU.Build.0 = Release|Any CPU
		{4D900054-4760-46B1-8E23-839A79C8440B}.Debug|Any CPU.ActiveCfg = Debug|Any CPU
		{4D900054-4760-46B1-8E23-839A79C8440B}.Debug|Any CPU.Build.0 = Debug|Any CPU
		{4D900054-4760-46B1-8E23-839A79C8440B}.Release|Any CPU.ActiveCfg = Release|Any CPU
		{4D900054-4760-46B1-8E23-839A79C8440B}.Release|Any CPU.Build.0 = Release|Any CPU
		{08EB3DCC-2FBE-4D9D-921B-53A3AA2A0AAD}.Debug|Any CPU.ActiveCfg = Debug|Any CPU
		{08EB3DCC-2FBE-4D9D-921B-53A3AA2A0AAD}.Debug|Any CPU.Build.0 = Debug|Any CPU
		{08EB3DCC-2FBE-4D9D-921B-53A3AA2A0AAD}.Release|Any CPU.ActiveCfg = Release|Any CPU
		{08EB3DCC-2FBE-4D9D-921B-53A3AA2A0AAD}.Release|Any CPU.Build.0 = Release|Any CPU
		{180266AD-1287-4AFB-BA58-101B627272F6}.Debug|Any CPU.ActiveCfg = Debug|Any CPU
		{180266AD-1287-4AFB-BA58-101B627272F6}.Debug|Any CPU.Build.0 = Debug|Any CPU
		{180266AD-1287-4AFB-BA58-101B627272F6}.Release|Any CPU.ActiveCfg = Release|Any CPU
		{180266AD-1287-4AFB-BA58-101B627272F6}.Release|Any CPU.Build.0 = Release|Any CPU
		{44227D06-6779-42E3-BF88-806457613007}.Debug|Any CPU.ActiveCfg = Debug|Any CPU
		{44227D06-6779-42E3-BF88-806457613007}.Debug|Any CPU.Build.0 = Debug|Any CPU
		{44227D06-6779-42E3-BF88-806457613007}.Release|Any CPU.ActiveCfg = Release|Any CPU
		{44227D06-6779-42E3-BF88-806457613007}.Release|Any CPU.Build.0 = Release|Any CPU
		{C9842AF8-BC2D-415E-8E08-D2290EBBD00D}.Debug|Any CPU.ActiveCfg = Debug|Any CPU
		{C9842AF8-BC2D-415E-8E08-D2290EBBD00D}.Debug|Any CPU.Build.0 = Debug|Any CPU
		{C9842AF8-BC2D-415E-8E08-D2290EBBD00D}.Release|Any CPU.ActiveCfg = Release|Any CPU
		{C9842AF8-BC2D-415E-8E08-D2290EBBD00D}.Release|Any CPU.Build.0 = Release|Any CPU
		{2972A6F2-BC59-468E-AD3E-38658C115FB3}.Debug|Any CPU.ActiveCfg = Debug|Any CPU
		{2972A6F2-BC59-468E-AD3E-38658C115FB3}.Debug|Any CPU.Build.0 = Debug|Any CPU
		{2972A6F2-BC59-468E-AD3E-38658C115FB3}.Release|Any CPU.ActiveCfg = Release|Any CPU
		{2972A6F2-BC59-468E-AD3E-38658C115FB3}.Release|Any CPU.Build.0 = Release|Any CPU
		{25DC5B67-A9E3-4AFE-A156-0E086F425831}.Debug|Any CPU.ActiveCfg = Debug|Any CPU
		{25DC5B67-A9E3-4AFE-A156-0E086F425831}.Debug|Any CPU.Build.0 = Debug|Any CPU
		{25DC5B67-A9E3-4AFE-A156-0E086F425831}.Release|Any CPU.ActiveCfg = Release|Any CPU
		{25DC5B67-A9E3-4AFE-A156-0E086F425831}.Release|Any CPU.Build.0 = Release|Any CPU
		{E80BD57A-6B28-4FE2-A506-5D1894C27D59}.Debug|Any CPU.ActiveCfg = Debug|Any CPU
		{E80BD57A-6B28-4FE2-A506-5D1894C27D59}.Debug|Any CPU.Build.0 = Debug|Any CPU
		{E80BD57A-6B28-4FE2-A506-5D1894C27D59}.Release|Any CPU.ActiveCfg = Release|Any CPU
		{E80BD57A-6B28-4FE2-A506-5D1894C27D59}.Release|Any CPU.Build.0 = Release|Any CPU
		{CBCDA37D-2484-4E0F-95A9-F940441D1899}.Debug|Any CPU.ActiveCfg = Debug|Any CPU
		{CBCDA37D-2484-4E0F-95A9-F940441D1899}.Debug|Any CPU.Build.0 = Debug|Any CPU
		{CBCDA37D-2484-4E0F-95A9-F940441D1899}.Release|Any CPU.ActiveCfg = Release|Any CPU
		{CBCDA37D-2484-4E0F-95A9-F940441D1899}.Release|Any CPU.Build.0 = Release|Any CPU
		{5091FF78-CD1F-4841-9482-7A32BC88A9FD}.Debug|Any CPU.ActiveCfg = Debug|Any CPU
		{5091FF78-CD1F-4841-9482-7A32BC88A9FD}.Debug|Any CPU.Build.0 = Debug|Any CPU
		{5091FF78-CD1F-4841-9482-7A32BC88A9FD}.Release|Any CPU.ActiveCfg = Release|Any CPU
		{5091FF78-CD1F-4841-9482-7A32BC88A9FD}.Release|Any CPU.Build.0 = Release|Any CPU
		{4C6A3C13-7348-4AC5-B643-9C3200CAB4E3}.Debug|Any CPU.ActiveCfg = Debug|Any CPU
		{4C6A3C13-7348-4AC5-B643-9C3200CAB4E3}.Debug|Any CPU.Build.0 = Debug|Any CPU
		{4C6A3C13-7348-4AC5-B643-9C3200CAB4E3}.Release|Any CPU.ActiveCfg = Release|Any CPU
		{4C6A3C13-7348-4AC5-B643-9C3200CAB4E3}.Release|Any CPU.Build.0 = Release|Any CPU
		{3A4780D0-1C27-4A10-96EE-C40F3BA6A274}.Debug|Any CPU.ActiveCfg = Debug|Any CPU
		{3A4780D0-1C27-4A10-96EE-C40F3BA6A274}.Debug|Any CPU.Build.0 = Debug|Any CPU
		{3A4780D0-1C27-4A10-96EE-C40F3BA6A274}.Release|Any CPU.ActiveCfg = Release|Any CPU
		{3A4780D0-1C27-4A10-96EE-C40F3BA6A274}.Release|Any CPU.Build.0 = Release|Any CPU
		{AA5B53D0-E74B-4947-8C74-C41F39B3312B}.Debug|Any CPU.ActiveCfg = Debug|Any CPU
		{AA5B53D0-E74B-4947-8C74-C41F39B3312B}.Debug|Any CPU.Build.0 = Debug|Any CPU
		{AA5B53D0-E74B-4947-8C74-C41F39B3312B}.Release|Any CPU.ActiveCfg = Release|Any CPU
		{AA5B53D0-E74B-4947-8C74-C41F39B3312B}.Release|Any CPU.Build.0 = Release|Any CPU
		{657D4E10-BFE7-4E98-AE52-9F62681AF650}.Debug|Any CPU.ActiveCfg = Debug|Any CPU
		{657D4E10-BFE7-4E98-AE52-9F62681AF650}.Debug|Any CPU.Build.0 = Debug|Any CPU
		{657D4E10-BFE7-4E98-AE52-9F62681AF650}.Release|Any CPU.ActiveCfg = Release|Any CPU
		{657D4E10-BFE7-4E98-AE52-9F62681AF650}.Release|Any CPU.Build.0 = Release|Any CPU
		{859C9001-3BE5-46A6-90E0-792A28F6A2B8}.Debug|Any CPU.ActiveCfg = Debug|Any CPU
		{859C9001-3BE5-46A6-90E0-792A28F6A2B8}.Debug|Any CPU.Build.0 = Debug|Any CPU
		{859C9001-3BE5-46A6-90E0-792A28F6A2B8}.Release|Any CPU.ActiveCfg = Release|Any CPU
		{859C9001-3BE5-46A6-90E0-792A28F6A2B8}.Release|Any CPU.Build.0 = Release|Any CPU
		{1AFCB414-73F3-44FB-8C7E-B232EDF95C17}.Debug|Any CPU.ActiveCfg = Debug|Any CPU
		{1AFCB414-73F3-44FB-8C7E-B232EDF95C17}.Debug|Any CPU.Build.0 = Debug|Any CPU
		{1AFCB414-73F3-44FB-8C7E-B232EDF95C17}.Release|Any CPU.ActiveCfg = Release|Any CPU
		{1AFCB414-73F3-44FB-8C7E-B232EDF95C17}.Release|Any CPU.Build.0 = Release|Any CPU
		{E9E77C11-408D-45B4-86C4-F69C0ECA8794}.Debug|Any CPU.ActiveCfg = Debug|Any CPU
		{E9E77C11-408D-45B4-86C4-F69C0ECA8794}.Debug|Any CPU.Build.0 = Debug|Any CPU
		{E9E77C11-408D-45B4-86C4-F69C0ECA8794}.Release|Any CPU.ActiveCfg = Release|Any CPU
		{E9E77C11-408D-45B4-86C4-F69C0ECA8794}.Release|Any CPU.Build.0 = Release|Any CPU
		{19306802-2D37-4719-8C9A-138962213169}.Debug|Any CPU.ActiveCfg = Debug|Any CPU
		{19306802-2D37-4719-8C9A-138962213169}.Debug|Any CPU.Build.0 = Debug|Any CPU
		{19306802-2D37-4719-8C9A-138962213169}.Release|Any CPU.ActiveCfg = Release|Any CPU
		{19306802-2D37-4719-8C9A-138962213169}.Release|Any CPU.Build.0 = Release|Any CPU
		{EB22F7D5-8D17-469D-9582-C34D95DF6F0B}.Debug|Any CPU.ActiveCfg = Debug|Any CPU
		{EB22F7D5-8D17-469D-9582-C34D95DF6F0B}.Debug|Any CPU.Build.0 = Debug|Any CPU
		{EB22F7D5-8D17-469D-9582-C34D95DF6F0B}.Release|Any CPU.ActiveCfg = Release|Any CPU
		{EB22F7D5-8D17-469D-9582-C34D95DF6F0B}.Release|Any CPU.Build.0 = Release|Any CPU
		{5BF0D70E-1475-47DA-B878-230FDAF31812}.Debug|Any CPU.ActiveCfg = Debug|Any CPU
		{5BF0D70E-1475-47DA-B878-230FDAF31812}.Debug|Any CPU.Build.0 = Debug|Any CPU
		{5BF0D70E-1475-47DA-B878-230FDAF31812}.Release|Any CPU.ActiveCfg = Release|Any CPU
		{5BF0D70E-1475-47DA-B878-230FDAF31812}.Release|Any CPU.Build.0 = Release|Any CPU
		{750C5D36-9EA0-4F24-8F0C-B13E85E677C4}.Debug|Any CPU.ActiveCfg = Debug|Any CPU
		{750C5D36-9EA0-4F24-8F0C-B13E85E677C4}.Debug|Any CPU.Build.0 = Debug|Any CPU
		{750C5D36-9EA0-4F24-8F0C-B13E85E677C4}.Release|Any CPU.ActiveCfg = Release|Any CPU
		{750C5D36-9EA0-4F24-8F0C-B13E85E677C4}.Release|Any CPU.Build.0 = Release|Any CPU
		{C1B15B5F-71A2-410E-B706-44519555397F}.Debug|Any CPU.ActiveCfg = Debug|Any CPU
		{C1B15B5F-71A2-410E-B706-44519555397F}.Debug|Any CPU.Build.0 = Debug|Any CPU
		{C1B15B5F-71A2-410E-B706-44519555397F}.Release|Any CPU.ActiveCfg = Release|Any CPU
		{C1B15B5F-71A2-410E-B706-44519555397F}.Release|Any CPU.Build.0 = Release|Any CPU
		{5A455A01-3CB6-4033-B100-57B20CC2060F}.Debug|Any CPU.ActiveCfg = Debug|Any CPU
		{5A455A01-3CB6-4033-B100-57B20CC2060F}.Debug|Any CPU.Build.0 = Debug|Any CPU
		{5A455A01-3CB6-4033-B100-57B20CC2060F}.Release|Any CPU.ActiveCfg = Release|Any CPU
		{5A455A01-3CB6-4033-B100-57B20CC2060F}.Release|Any CPU.Build.0 = Release|Any CPU
		{E1AC56D2-04D3-4C6A-99C2-C2FAEADE8F72}.Debug|Any CPU.ActiveCfg = Debug|Any CPU
		{E1AC56D2-04D3-4C6A-99C2-C2FAEADE8F72}.Debug|Any CPU.Build.0 = Debug|Any CPU
		{E1AC56D2-04D3-4C6A-99C2-C2FAEADE8F72}.Release|Any CPU.ActiveCfg = Release|Any CPU
		{E1AC56D2-04D3-4C6A-99C2-C2FAEADE8F72}.Release|Any CPU.Build.0 = Release|Any CPU
		{C82CE419-AD0E-42F8-BF28-3953CAD2EC3A}.Debug|Any CPU.ActiveCfg = Debug|Any CPU
		{C82CE419-AD0E-42F8-BF28-3953CAD2EC3A}.Debug|Any CPU.Build.0 = Debug|Any CPU
		{C82CE419-AD0E-42F8-BF28-3953CAD2EC3A}.Release|Any CPU.ActiveCfg = Release|Any CPU
		{C82CE419-AD0E-42F8-BF28-3953CAD2EC3A}.Release|Any CPU.Build.0 = Release|Any CPU
		{FCEC323D-2A3B-4B4D-83EB-61FDE42B35BC}.Debug|Any CPU.ActiveCfg = Debug|Any CPU
		{FCEC323D-2A3B-4B4D-83EB-61FDE42B35BC}.Debug|Any CPU.Build.0 = Debug|Any CPU
		{FCEC323D-2A3B-4B4D-83EB-61FDE42B35BC}.Release|Any CPU.ActiveCfg = Release|Any CPU
		{FCEC323D-2A3B-4B4D-83EB-61FDE42B35BC}.Release|Any CPU.Build.0 = Release|Any CPU
		{20AEDE35-495B-4BDA-A153-AC1EE7637698}.Debug|Any CPU.ActiveCfg = Debug|Any CPU
		{20AEDE35-495B-4BDA-A153-AC1EE7637698}.Debug|Any CPU.Build.0 = Debug|Any CPU
		{20AEDE35-495B-4BDA-A153-AC1EE7637698}.Release|Any CPU.ActiveCfg = Release|Any CPU
		{20AEDE35-495B-4BDA-A153-AC1EE7637698}.Release|Any CPU.Build.0 = Release|Any CPU
		{1DF99FCD-982C-44C5-BB04-25588F56B16F}.Debug|Any CPU.ActiveCfg = Debug|Any CPU
		{1DF99FCD-982C-44C5-BB04-25588F56B16F}.Debug|Any CPU.Build.0 = Debug|Any CPU
		{1DF99FCD-982C-44C5-BB04-25588F56B16F}.Release|Any CPU.ActiveCfg = Release|Any CPU
		{1DF99FCD-982C-44C5-BB04-25588F56B16F}.Release|Any CPU.Build.0 = Release|Any CPU
		{4F56F36B-F77E-4B2A-80F7-1369F5E582C4}.Debug|Any CPU.ActiveCfg = Debug|Any CPU
		{4F56F36B-F77E-4B2A-80F7-1369F5E582C4}.Debug|Any CPU.Build.0 = Debug|Any CPU
		{4F56F36B-F77E-4B2A-80F7-1369F5E582C4}.Release|Any CPU.ActiveCfg = Release|Any CPU
		{4F56F36B-F77E-4B2A-80F7-1369F5E582C4}.Release|Any CPU.Build.0 = Release|Any CPU
		{7A4BF800-E5A7-40F3-9B51-D09B589EB053}.Debug|Any CPU.ActiveCfg = Debug|Any CPU
		{7A4BF800-E5A7-40F3-9B51-D09B589EB053}.Debug|Any CPU.Build.0 = Debug|Any CPU
		{7A4BF800-E5A7-40F3-9B51-D09B589EB053}.Release|Any CPU.ActiveCfg = Release|Any CPU
		{7A4BF800-E5A7-40F3-9B51-D09B589EB053}.Release|Any CPU.Build.0 = Release|Any CPU
		{705089DB-5363-4C53-83A1-1141471F74C0}.Debug|Any CPU.ActiveCfg = Debug|Any CPU
		{705089DB-5363-4C53-83A1-1141471F74C0}.Debug|Any CPU.Build.0 = Debug|Any CPU
		{705089DB-5363-4C53-83A1-1141471F74C0}.Release|Any CPU.ActiveCfg = Release|Any CPU
		{705089DB-5363-4C53-83A1-1141471F74C0}.Release|Any CPU.Build.0 = Release|Any CPU
		{33F75A16-5105-4A50-B552-759B1EF70373}.Debug|Any CPU.ActiveCfg = Debug|Any CPU
		{33F75A16-5105-4A50-B552-759B1EF70373}.Debug|Any CPU.Build.0 = Debug|Any CPU
		{33F75A16-5105-4A50-B552-759B1EF70373}.Release|Any CPU.ActiveCfg = Release|Any CPU
		{33F75A16-5105-4A50-B552-759B1EF70373}.Release|Any CPU.Build.0 = Release|Any CPU
		{26F90400-6B30-4BCB-9A47-3320FF5F4183}.Debug|Any CPU.ActiveCfg = Debug|Any CPU
		{26F90400-6B30-4BCB-9A47-3320FF5F4183}.Debug|Any CPU.Build.0 = Debug|Any CPU
		{26F90400-6B30-4BCB-9A47-3320FF5F4183}.Release|Any CPU.ActiveCfg = Release|Any CPU
		{26F90400-6B30-4BCB-9A47-3320FF5F4183}.Release|Any CPU.Build.0 = Release|Any CPU
		{D2455A02-42F3-44D6-A791-B4F5401E5653}.Debug|Any CPU.ActiveCfg = Debug|Any CPU
		{D2455A02-42F3-44D6-A791-B4F5401E5653}.Debug|Any CPU.Build.0 = Debug|Any CPU
		{D2455A02-42F3-44D6-A791-B4F5401E5653}.Release|Any CPU.ActiveCfg = Release|Any CPU
		{D2455A02-42F3-44D6-A791-B4F5401E5653}.Release|Any CPU.Build.0 = Release|Any CPU
		{C8631BAE-C1F0-4D0B-804A-E9D949EE3274}.Debug|Any CPU.ActiveCfg = Debug|Any CPU
		{C8631BAE-C1F0-4D0B-804A-E9D949EE3274}.Debug|Any CPU.Build.0 = Debug|Any CPU
		{C8631BAE-C1F0-4D0B-804A-E9D949EE3274}.Release|Any CPU.ActiveCfg = Release|Any CPU
		{C8631BAE-C1F0-4D0B-804A-E9D949EE3274}.Release|Any CPU.Build.0 = Release|Any CPU
		{A4E7F3DD-731B-4B76-B416-B47536ECBAA1}.Debug|Any CPU.ActiveCfg = Debug|Any CPU
		{A4E7F3DD-731B-4B76-B416-B47536ECBAA1}.Debug|Any CPU.Build.0 = Debug|Any CPU
		{A4E7F3DD-731B-4B76-B416-B47536ECBAA1}.Release|Any CPU.ActiveCfg = Release|Any CPU
		{A4E7F3DD-731B-4B76-B416-B47536ECBAA1}.Release|Any CPU.Build.0 = Release|Any CPU
		{590E71E3-41D3-4C9A-82B3-8C798EE9DAFF}.Debug|Any CPU.ActiveCfg = Debug|Any CPU
		{590E71E3-41D3-4C9A-82B3-8C798EE9DAFF}.Debug|Any CPU.Build.0 = Debug|Any CPU
		{590E71E3-41D3-4C9A-82B3-8C798EE9DAFF}.Release|Any CPU.ActiveCfg = Release|Any CPU
		{590E71E3-41D3-4C9A-82B3-8C798EE9DAFF}.Release|Any CPU.Build.0 = Release|Any CPU
		{18C947BD-935B-48A6-83EC-D791382865D3}.Debug|Any CPU.ActiveCfg = Debug|Any CPU
		{18C947BD-935B-48A6-83EC-D791382865D3}.Debug|Any CPU.Build.0 = Debug|Any CPU
		{18C947BD-935B-48A6-83EC-D791382865D3}.Release|Any CPU.ActiveCfg = Release|Any CPU
		{18C947BD-935B-48A6-83EC-D791382865D3}.Release|Any CPU.Build.0 = Release|Any CPU
		{A3F0EBEE-5666-41CA-B927-A0BE71EBC13E}.Debug|Any CPU.ActiveCfg = Debug|Any CPU
		{A3F0EBEE-5666-41CA-B927-A0BE71EBC13E}.Debug|Any CPU.Build.0 = Debug|Any CPU
		{A3F0EBEE-5666-41CA-B927-A0BE71EBC13E}.Release|Any CPU.ActiveCfg = Release|Any CPU
		{A3F0EBEE-5666-41CA-B927-A0BE71EBC13E}.Release|Any CPU.Build.0 = Release|Any CPU
		{BE7037FB-8D31-4A2A-AC2F-C89AE1AB17F8}.Debug|Any CPU.ActiveCfg = Debug|Any CPU
		{BE7037FB-8D31-4A2A-AC2F-C89AE1AB17F8}.Debug|Any CPU.Build.0 = Debug|Any CPU
		{BE7037FB-8D31-4A2A-AC2F-C89AE1AB17F8}.Release|Any CPU.ActiveCfg = Release|Any CPU
		{BE7037FB-8D31-4A2A-AC2F-C89AE1AB17F8}.Release|Any CPU.Build.0 = Release|Any CPU
		{7FE03912-3D29-498C-9F6B-8023BB34F112}.Debug|Any CPU.ActiveCfg = Debug|Any CPU
		{7FE03912-3D29-498C-9F6B-8023BB34F112}.Debug|Any CPU.Build.0 = Debug|Any CPU
		{7FE03912-3D29-498C-9F6B-8023BB34F112}.Release|Any CPU.ActiveCfg = Release|Any CPU
		{7FE03912-3D29-498C-9F6B-8023BB34F112}.Release|Any CPU.Build.0 = Release|Any CPU
		{B4F955AD-C444-41CF-8341-833317294CF5}.Debug|Any CPU.ActiveCfg = Debug|Any CPU
		{B4F955AD-C444-41CF-8341-833317294CF5}.Debug|Any CPU.Build.0 = Debug|Any CPU
		{B4F955AD-C444-41CF-8341-833317294CF5}.Release|Any CPU.ActiveCfg = Release|Any CPU
		{B4F955AD-C444-41CF-8341-833317294CF5}.Release|Any CPU.Build.0 = Release|Any CPU
		{8684A629-A32C-4C95-BB2B-27847773CB3E}.Debug|Any CPU.ActiveCfg = Debug|Any CPU
		{8684A629-A32C-4C95-BB2B-27847773CB3E}.Debug|Any CPU.Build.0 = Debug|Any CPU
		{8684A629-A32C-4C95-BB2B-27847773CB3E}.Release|Any CPU.ActiveCfg = Release|Any CPU
		{8684A629-A32C-4C95-BB2B-27847773CB3E}.Release|Any CPU.Build.0 = Release|Any CPU
		{1CCD61F1-315A-45F5-B10C-A3A1A38CA4D1}.Debug|Any CPU.ActiveCfg = Debug|Any CPU
		{1CCD61F1-315A-45F5-B10C-A3A1A38CA4D1}.Debug|Any CPU.Build.0 = Debug|Any CPU
		{1CCD61F1-315A-45F5-B10C-A3A1A38CA4D1}.Release|Any CPU.ActiveCfg = Release|Any CPU
		{1CCD61F1-315A-45F5-B10C-A3A1A38CA4D1}.Release|Any CPU.Build.0 = Release|Any CPU
		{5E9B1ED8-D912-4D86-A338-B993EA940FE5}.Debug|Any CPU.ActiveCfg = Debug|Any CPU
		{5E9B1ED8-D912-4D86-A338-B993EA940FE5}.Debug|Any CPU.Build.0 = Debug|Any CPU
		{5E9B1ED8-D912-4D86-A338-B993EA940FE5}.Release|Any CPU.ActiveCfg = Release|Any CPU
		{5E9B1ED8-D912-4D86-A338-B993EA940FE5}.Release|Any CPU.Build.0 = Release|Any CPU
		{F850CA9A-F7A5-4865-81C5-E9CD7F1DDEBA}.Debug|Any CPU.ActiveCfg = Debug|Any CPU
		{F850CA9A-F7A5-4865-81C5-E9CD7F1DDEBA}.Debug|Any CPU.Build.0 = Debug|Any CPU
		{F850CA9A-F7A5-4865-81C5-E9CD7F1DDEBA}.Release|Any CPU.ActiveCfg = Release|Any CPU
		{F850CA9A-F7A5-4865-81C5-E9CD7F1DDEBA}.Release|Any CPU.Build.0 = Release|Any CPU
		{A85DDF7A-A603-4743-AEB3-8825B4223173}.Debug|Any CPU.ActiveCfg = Debug|Any CPU
		{A85DDF7A-A603-4743-AEB3-8825B4223173}.Debug|Any CPU.Build.0 = Debug|Any CPU
		{A85DDF7A-A603-4743-AEB3-8825B4223173}.Release|Any CPU.ActiveCfg = Release|Any CPU
		{A85DDF7A-A603-4743-AEB3-8825B4223173}.Release|Any CPU.Build.0 = Release|Any CPU
		{BDE73F73-7B24-4477-BE32-DC0C9CC730D6}.Debug|Any CPU.ActiveCfg = Debug|Any CPU
		{BDE73F73-7B24-4477-BE32-DC0C9CC730D6}.Debug|Any CPU.Build.0 = Debug|Any CPU
		{BDE73F73-7B24-4477-BE32-DC0C9CC730D6}.Release|Any CPU.ActiveCfg = Release|Any CPU
		{BDE73F73-7B24-4477-BE32-DC0C9CC730D6}.Release|Any CPU.Build.0 = Release|Any CPU
		{80EC7087-E17C-4AF5-A1C8-988E345814E0}.Debug|Any CPU.ActiveCfg = Debug|Any CPU
		{80EC7087-E17C-4AF5-A1C8-988E345814E0}.Debug|Any CPU.Build.0 = Debug|Any CPU
		{80EC7087-E17C-4AF5-A1C8-988E345814E0}.Release|Any CPU.ActiveCfg = Release|Any CPU
		{80EC7087-E17C-4AF5-A1C8-988E345814E0}.Release|Any CPU.Build.0 = Release|Any CPU
	EndGlobalSection
	GlobalSection(SolutionProperties) = preSolution
		HideSolutionNode = FALSE
	EndGlobalSection
	GlobalSection(ExtensibilityGlobals) = postSolution
		SolutionGuid = {6BBC9E71-31D1-4AE6-96CD-54CCD4AFC7D4}
	EndGlobalSection
EndGlobal
